
Microsoft Visual Studio Solution File, Format Version 12.00
# Visual Studio Version 17
VisualStudioVersion = 17.8.34004.107
MinimumVisualStudioVersion = 10.0.40219.1
Project("{8BC9CEB8-8B4A-11D0-8D11-00A0C91BC942}") = "MyDriver1", "MyDriver1\MyDriver1.vcxproj", "{4823AF69-938D-4BD8-8A77-0DE6670B363C}"
EndProject
Project("{8BC9CEB8-8B4A-11D0-8D11-00A0C91BC942}") = "MyDriver2", "MyDriver2\MyDriver2.vcxproj", "{D67C3BCF-5396-47BC-A441-35EC43F51AE8}"
EndProject
Project("{8BC9CEB8-8B4A-11D0-8D11-00A0C91BC942}") = "MyDriver3", "Mydriver3\MyDriver3.vcxproj", "{056A8978-3F56-449C-84F9-B158949FCAEE}"
EndProject
Project("{8BC9CEB8-8B4A-11D0-8D11-00A0C91BC942}") = "MyDriver4", "MyDriver4\MyDriver4.vcxproj", "{4D9EC21C-31BE-4D80-B089-772EA46FD722}"
EndProject
Project("{8BC9CEB8-8B4A-11D0-8D11-00A0C91BC942}") = "MyDriver5", "MyDriver5\MyDriver5.vcxproj", "{15997142-017B-4628-83F5-B1CD2D080357}"
EndProject
Project("{8BC9CEB8-8B4A-11D0-8D11-00A0C91BC942}") = "R02R3_1", "R02R3_1\R02R3_1.vcxproj", "{5823E5B1-C35F-4919-AEF6-11FEEFD957EE}"
EndProject
Project("{8BC9CEB8-8B4A-11D0-8D11-00A0C91BC942}") = "R02R3_1_r0", "R02R3_1_r0\R02R3_1_r0.vcxproj", "{07610269-F942-45E1-81C0-B4EE84CB597B}"
EndProject
Project("{8BC9CEB8-8B4A-11D0-8D11-00A0C91BC942}") = "R02R3_2_MDL", "R02R3_2_MDL\R02R3_2_MDL.vcxproj", "{1FB14A61-AD26-46BE-8E82-DD62CB3A3C17}"
EndProject
Project("{8BC9CEB8-8B4A-11D0-8D11-00A0C91BC942}") = "R02R3_2_r0_MDL", "R02R3_2_r0_MDL\R02R3_2_r0_MDL.vcxproj", "{7083F9FA-A2BB-4359-90F7-D513D5396EF6}"
EndProject
Project("{8BC9CEB8-8B4A-11D0-8D11-00A0C91BC942}") = "HackInject", "HackInject\HackInject.vcxproj", "{0DC9DE35-62B8-43E5-85BF-F3A75D95FC7E}"
EndProject
Project("{8BC9CEB8-8B4A-11D0-8D11-00A0C91BC942}") = "DrvInject", "DrvInject\DrvInject.vcxproj", "{5B41649F-47D8-4DBB-9AE2-AB5FD44E5F3D}"
EndProject
Project("{8BC9CEB8-8B4A-11D0-8D11-00A0C91BC942}") = "Handle_Derank", "Handle_Derank\Handle_Derank.vcxproj", "{F1A9018B-F4B3-4747-B072-5FF8DB42A38A}"
EndProject
Project("{8BC9CEB8-8B4A-11D0-8D11-00A0C91BC942}") = "Handle_Derank_R3", "Handle_Derank_R3\Handle_Derank_R3.vcxproj", "{40DF098D-4B65-42CC-AEBB-BB48F4AF519F}"
EndProject
Project("{8BC9CEB8-8B4A-11D0-8D11-00A0C91BC942}") = "HDrvRW", "DrvRW\DrvRW.vcxproj", "{4CDBB974-6CF7-440D-8F56-F0777BB293DF}"
EndProject
Global
	GlobalSection(SolutionConfigurationPlatforms) = preSolution
		Debug|ARM64 = Debug|ARM64
		Debug|x64 = Debug|x64
		Debug|x86 = Debug|x86
		Release|ARM64 = Release|ARM64
		Release|x64 = Release|x64
		Release|x86 = Release|x86
	EndGlobalSection
	GlobalSection(ProjectConfigurationPlatforms) = postSolution
		{4823AF69-938D-4BD8-8A77-0DE6670B363C}.Debug|ARM64.ActiveCfg = Debug|ARM64
		{4823AF69-938D-4BD8-8A77-0DE6670B363C}.Debug|ARM64.Build.0 = Debug|ARM64
		{4823AF69-938D-4BD8-8A77-0DE6670B363C}.Debug|ARM64.Deploy.0 = Debug|ARM64
		{4823AF69-938D-4BD8-8A77-0DE6670B363C}.Debug|x64.ActiveCfg = Debug|x64
		{4823AF69-938D-4BD8-8A77-0DE6670B363C}.Debug|x64.Build.0 = Debug|x64
		{4823AF69-938D-4BD8-8A77-0DE6670B363C}.Debug|x64.Deploy.0 = Debug|x64
		{4823AF69-938D-4BD8-8A77-0DE6670B363C}.Debug|x86.ActiveCfg = Debug|x64
		{4823AF69-938D-4BD8-8A77-0DE6670B363C}.Debug|x86.Build.0 = Debug|x64
		{4823AF69-938D-4BD8-8A77-0DE6670B363C}.Debug|x86.Deploy.0 = Debug|x64
		{4823AF69-938D-4BD8-8A77-0DE6670B363C}.Release|ARM64.ActiveCfg = Release|ARM64
		{4823AF69-938D-4BD8-8A77-0DE6670B363C}.Release|ARM64.Build.0 = Release|ARM64
		{4823AF69-938D-4BD8-8A77-0DE6670B363C}.Release|ARM64.Deploy.0 = Release|ARM64
		{4823AF69-938D-4BD8-8A77-0DE6670B363C}.Release|x64.ActiveCfg = Release|x64
		{4823AF69-938D-4BD8-8A77-0DE6670B363C}.Release|x64.Build.0 = Release|x64
		{4823AF69-938D-4BD8-8A77-0DE6670B363C}.Release|x64.Deploy.0 = Release|x64
		{4823AF69-938D-4BD8-8A77-0DE6670B363C}.Release|x86.ActiveCfg = Release|x64
		{4823AF69-938D-4BD8-8A77-0DE6670B363C}.Release|x86.Build.0 = Release|x64
		{4823AF69-938D-4BD8-8A77-0DE6670B363C}.Release|x86.Deploy.0 = Release|x64
		{D67C3BCF-5396-47BC-A441-35EC43F51AE8}.Debug|ARM64.ActiveCfg = Debug|ARM64
		{D67C3BCF-5396-47BC-A441-35EC43F51AE8}.Debug|ARM64.Build.0 = Debug|ARM64
		{D67C3BCF-5396-47BC-A441-35EC43F51AE8}.Debug|ARM64.Deploy.0 = Debug|ARM64
		{D67C3BCF-5396-47BC-A441-35EC43F51AE8}.Debug|x64.ActiveCfg = Debug|x64
		{D67C3BCF-5396-47BC-A441-35EC43F51AE8}.Debug|x64.Build.0 = Debug|x64
		{D67C3BCF-5396-47BC-A441-35EC43F51AE8}.Debug|x64.Deploy.0 = Debug|x64
		{D67C3BCF-5396-47BC-A441-35EC43F51AE8}.Debug|x86.ActiveCfg = Debug|x64
		{D67C3BCF-5396-47BC-A441-35EC43F51AE8}.Debug|x86.Build.0 = Debug|x64
		{D67C3BCF-5396-47BC-A441-35EC43F51AE8}.Debug|x86.Deploy.0 = Debug|x64
		{D67C3BCF-5396-47BC-A441-35EC43F51AE8}.Release|ARM64.ActiveCfg = Release|ARM64
		{D67C3BCF-5396-47BC-A441-35EC43F51AE8}.Release|ARM64.Build.0 = Release|ARM64
		{D67C3BCF-5396-47BC-A441-35EC43F51AE8}.Release|ARM64.Deploy.0 = Release|ARM64
		{D67C3BCF-5396-47BC-A441-35EC43F51AE8}.Release|x64.ActiveCfg = Release|x64
		{D67C3BCF-5396-47BC-A441-35EC43F51AE8}.Release|x64.Build.0 = Release|x64
		{D67C3BCF-5396-47BC-A441-35EC43F51AE8}.Release|x64.Deploy.0 = Release|x64
		{D67C3BCF-5396-47BC-A441-35EC43F51AE8}.Release|x86.ActiveCfg = Release|x64
		{D67C3BCF-5396-47BC-A441-35EC43F51AE8}.Release|x86.Build.0 = Release|x64
		{D67C3BCF-5396-47BC-A441-35EC43F51AE8}.Release|x86.Deploy.0 = Release|x64
		{056A8978-3F56-449C-84F9-B158949FCAEE}.Debug|ARM64.ActiveCfg = Debug|ARM64
		{056A8978-3F56-449C-84F9-B158949FCAEE}.Debug|ARM64.Build.0 = Debug|ARM64
		{056A8978-3F56-449C-84F9-B158949FCAEE}.Debug|ARM64.Deploy.0 = Debug|ARM64
		{056A8978-3F56-449C-84F9-B158949FCAEE}.Debug|x64.ActiveCfg = Debug|x64
		{056A8978-3F56-449C-84F9-B158949FCAEE}.Debug|x64.Build.0 = Debug|x64
		{056A8978-3F56-449C-84F9-B158949FCAEE}.Debug|x64.Deploy.0 = Debug|x64
		{056A8978-3F56-449C-84F9-B158949FCAEE}.Debug|x86.ActiveCfg = Debug|x64
		{056A8978-3F56-449C-84F9-B158949FCAEE}.Debug|x86.Build.0 = Debug|x64
		{056A8978-3F56-449C-84F9-B158949FCAEE}.Debug|x86.Deploy.0 = Debug|x64
		{056A8978-3F56-449C-84F9-B158949FCAEE}.Release|ARM64.ActiveCfg = Release|ARM64
		{056A8978-3F56-449C-84F9-B158949FCAEE}.Release|ARM64.Build.0 = Release|ARM64
		{056A8978-3F56-449C-84F9-B158949FCAEE}.Release|ARM64.Deploy.0 = Release|ARM64
		{056A8978-3F56-449C-84F9-B158949FCAEE}.Release|x64.ActiveCfg = Release|x64
		{056A8978-3F56-449C-84F9-B158949FCAEE}.Release|x64.Build.0 = Release|x64
		{056A8978-3F56-449C-84F9-B158949FCAEE}.Release|x64.Deploy.0 = Release|x64
		{056A8978-3F56-449C-84F9-B158949FCAEE}.Release|x86.ActiveCfg = Release|x64
		{056A8978-3F56-449C-84F9-B158949FCAEE}.Release|x86.Build.0 = Release|x64
		{056A8978-3F56-449C-84F9-B158949FCAEE}.Release|x86.Deploy.0 = Release|x64
		{4D9EC21C-31BE-4D80-B089-772EA46FD722}.Debug|ARM64.ActiveCfg = Debug|ARM64
		{4D9EC21C-31BE-4D80-B089-772EA46FD722}.Debug|ARM64.Build.0 = Debug|ARM64
		{4D9EC21C-31BE-4D80-B089-772EA46FD722}.Debug|ARM64.Deploy.0 = Debug|ARM64
		{4D9EC21C-31BE-4D80-B089-772EA46FD722}.Debug|x64.ActiveCfg = Debug|x64
		{4D9EC21C-31BE-4D80-B089-772EA46FD722}.Debug|x64.Build.0 = Debug|x64
		{4D9EC21C-31BE-4D80-B089-772EA46FD722}.Debug|x64.Deploy.0 = Debug|x64
		{4D9EC21C-31BE-4D80-B089-772EA46FD722}.Debug|x86.ActiveCfg = Debug|x64
		{4D9EC21C-31BE-4D80-B089-772EA46FD722}.Debug|x86.Build.0 = Debug|x64
		{4D9EC21C-31BE-4D80-B089-772EA46FD722}.Debug|x86.Deploy.0 = Debug|x64
		{4D9EC21C-31BE-4D80-B089-772EA46FD722}.Release|ARM64.ActiveCfg = Release|ARM64
		{4D9EC21C-31BE-4D80-B089-772EA46FD722}.Release|ARM64.Build.0 = Release|ARM64
		{4D9EC21C-31BE-4D80-B089-772EA46FD722}.Release|ARM64.Deploy.0 = Release|ARM64
		{4D9EC21C-31BE-4D80-B089-772EA46FD722}.Release|x64.ActiveCfg = Release|x64
		{4D9EC21C-31BE-4D80-B089-772EA46FD722}.Release|x64.Build.0 = Release|x64
		{4D9EC21C-31BE-4D80-B089-772EA46FD722}.Release|x64.Deploy.0 = Release|x64
		{4D9EC21C-31BE-4D80-B089-772EA46FD722}.Release|x86.ActiveCfg = Release|x64
		{4D9EC21C-31BE-4D80-B089-772EA46FD722}.Release|x86.Build.0 = Release|x64
		{4D9EC21C-31BE-4D80-B089-772EA46FD722}.Release|x86.Deploy.0 = Release|x64
		{15997142-017B-4628-83F5-B1CD2D080357}.Debug|ARM64.ActiveCfg = Debug|ARM64
		{15997142-017B-4628-83F5-B1CD2D080357}.Debug|ARM64.Build.0 = Debug|ARM64
		{15997142-017B-4628-83F5-B1CD2D080357}.Debug|ARM64.Deploy.0 = Debug|ARM64
		{15997142-017B-4628-83F5-B1CD2D080357}.Debug|x64.ActiveCfg = Debug|x64
		{15997142-017B-4628-83F5-B1CD2D080357}.Debug|x64.Build.0 = Debug|x64
		{15997142-017B-4628-83F5-B1CD2D080357}.Debug|x64.Deploy.0 = Debug|x64
		{15997142-017B-4628-83F5-B1CD2D080357}.Debug|x86.ActiveCfg = Debug|x64
		{15997142-017B-4628-83F5-B1CD2D080357}.Debug|x86.Build.0 = Debug|x64
		{15997142-017B-4628-83F5-B1CD2D080357}.Debug|x86.Deploy.0 = Debug|x64
		{15997142-017B-4628-83F5-B1CD2D080357}.Release|ARM64.ActiveCfg = Release|ARM64
		{15997142-017B-4628-83F5-B1CD2D080357}.Release|ARM64.Build.0 = Release|ARM64
		{15997142-017B-4628-83F5-B1CD2D080357}.Release|ARM64.Deploy.0 = Release|ARM64
		{15997142-017B-4628-83F5-B1CD2D080357}.Release|x64.ActiveCfg = Release|x64
		{15997142-017B-4628-83F5-B1CD2D080357}.Release|x64.Build.0 = Release|x64
		{15997142-017B-4628-83F5-B1CD2D080357}.Release|x64.Deploy.0 = Release|x64
		{15997142-017B-4628-83F5-B1CD2D080357}.Release|x86.ActiveCfg = Release|x64
		{15997142-017B-4628-83F5-B1CD2D080357}.Release|x86.Build.0 = Release|x64
		{15997142-017B-4628-83F5-B1CD2D080357}.Release|x86.Deploy.0 = Release|x64
		{5823E5B1-C35F-4919-AEF6-11FEEFD957EE}.Debug|ARM64.ActiveCfg = Debug|x64
		{5823E5B1-C35F-4919-AEF6-11FEEFD957EE}.Debug|ARM64.Build.0 = Debug|x64
		{5823E5B1-C35F-4919-AEF6-11FEEFD957EE}.Debug|x64.ActiveCfg = Debug|x64
		{5823E5B1-C35F-4919-AEF6-11FEEFD957EE}.Debug|x64.Build.0 = Debug|x64
		{5823E5B1-C35F-4919-AEF6-11FEEFD957EE}.Debug|x86.ActiveCfg = Debug|Win32
		{5823E5B1-C35F-4919-AEF6-11FEEFD957EE}.Debug|x86.Build.0 = Debug|Win32
		{5823E5B1-C35F-4919-AEF6-11FEEFD957EE}.Release|ARM64.ActiveCfg = Release|x64
		{5823E5B1-C35F-4919-AEF6-11FEEFD957EE}.Release|ARM64.Build.0 = Release|x64
		{5823E5B1-C35F-4919-AEF6-11FEEFD957EE}.Release|x64.ActiveCfg = Release|x64
		{5823E5B1-C35F-4919-AEF6-11FEEFD957EE}.Release|x64.Build.0 = Release|x64
		{5823E5B1-C35F-4919-AEF6-11FEEFD957EE}.Release|x86.ActiveCfg = Release|Win32
		{5823E5B1-C35F-4919-AEF6-11FEEFD957EE}.Release|x86.Build.0 = Release|Win32
		{07610269-F942-45E1-81C0-B4EE84CB597B}.Debug|ARM64.ActiveCfg = Debug|ARM64
		{07610269-F942-45E1-81C0-B4EE84CB597B}.Debug|ARM64.Build.0 = Debug|ARM64
		{07610269-F942-45E1-81C0-B4EE84CB597B}.Debug|ARM64.Deploy.0 = Debug|ARM64
		{07610269-F942-45E1-81C0-B4EE84CB597B}.Debug|x64.ActiveCfg = Debug|x64
		{07610269-F942-45E1-81C0-B4EE84CB597B}.Debug|x64.Build.0 = Debug|x64
		{07610269-F942-45E1-81C0-B4EE84CB597B}.Debug|x64.Deploy.0 = Debug|x64
		{07610269-F942-45E1-81C0-B4EE84CB597B}.Debug|x86.ActiveCfg = Debug|x64
		{07610269-F942-45E1-81C0-B4EE84CB597B}.Debug|x86.Build.0 = Debug|x64
		{07610269-F942-45E1-81C0-B4EE84CB597B}.Debug|x86.Deploy.0 = Debug|x64
		{07610269-F942-45E1-81C0-B4EE84CB597B}.Release|ARM64.ActiveCfg = Release|ARM64
		{07610269-F942-45E1-81C0-B4EE84CB597B}.Release|ARM64.Build.0 = Release|ARM64
		{07610269-F942-45E1-81C0-B4EE84CB597B}.Release|ARM64.Deploy.0 = Release|ARM64
		{07610269-F942-45E1-81C0-B4EE84CB597B}.Release|x64.ActiveCfg = Release|x64
		{07610269-F942-45E1-81C0-B4EE84CB597B}.Release|x64.Build.0 = Release|x64
		{07610269-F942-45E1-81C0-B4EE84CB597B}.Release|x64.Deploy.0 = Release|x64
		{07610269-F942-45E1-81C0-B4EE84CB597B}.Release|x86.ActiveCfg = Release|x64
		{07610269-F942-45E1-81C0-B4EE84CB597B}.Release|x86.Build.0 = Release|x64
		{07610269-F942-45E1-81C0-B4EE84CB597B}.Release|x86.Deploy.0 = Release|x64
		{1FB14A61-AD26-46BE-8E82-DD62CB3A3C17}.Debug|ARM64.ActiveCfg = Debug|x64
		{1FB14A61-AD26-46BE-8E82-DD62CB3A3C17}.Debug|ARM64.Build.0 = Debug|x64
		{1FB14A61-AD26-46BE-8E82-DD62CB3A3C17}.Debug|x64.ActiveCfg = Debug|x64
		{1FB14A61-AD26-46BE-8E82-DD62CB3A3C17}.Debug|x64.Build.0 = Debug|x64
		{1FB14A61-AD26-46BE-8E82-DD62CB3A3C17}.Debug|x86.ActiveCfg = Debug|Win32
		{1FB14A61-AD26-46BE-8E82-DD62CB3A3C17}.Debug|x86.Build.0 = Debug|Win32
		{1FB14A61-AD26-46BE-8E82-DD62CB3A3C17}.Release|ARM64.ActiveCfg = Release|x64
		{1FB14A61-AD26-46BE-8E82-DD62CB3A3C17}.Release|ARM64.Build.0 = Release|x64
		{1FB14A61-AD26-46BE-8E82-DD62CB3A3C17}.Release|x64.ActiveCfg = Release|x64
		{1FB14A61-AD26-46BE-8E82-DD62CB3A3C17}.Release|x64.Build.0 = Release|x64
		{1FB14A61-AD26-46BE-8E82-DD62CB3A3C17}.Release|x86.ActiveCfg = Release|Win32
		{1FB14A61-AD26-46BE-8E82-DD62CB3A3C17}.Release|x86.Build.0 = Release|Win32
		{7083F9FA-A2BB-4359-90F7-D513D5396EF6}.Debug|ARM64.ActiveCfg = Debug|ARM64
		{7083F9FA-A2BB-4359-90F7-D513D5396EF6}.Debug|ARM64.Build.0 = Debug|ARM64
		{7083F9FA-A2BB-4359-90F7-D513D5396EF6}.Debug|ARM64.Deploy.0 = Debug|ARM64
		{7083F9FA-A2BB-4359-90F7-D513D5396EF6}.Debug|x64.ActiveCfg = Debug|x64
		{7083F9FA-A2BB-4359-90F7-D513D5396EF6}.Debug|x64.Build.0 = Debug|x64
		{7083F9FA-A2BB-4359-90F7-D513D5396EF6}.Debug|x64.Deploy.0 = Debug|x64
		{7083F9FA-A2BB-4359-90F7-D513D5396EF6}.Debug|x86.ActiveCfg = Debug|x64
		{7083F9FA-A2BB-4359-90F7-D513D5396EF6}.Debug|x86.Build.0 = Debug|x64
		{7083F9FA-A2BB-4359-90F7-D513D5396EF6}.Debug|x86.Deploy.0 = Debug|x64
		{7083F9FA-A2BB-4359-90F7-D513D5396EF6}.Release|ARM64.ActiveCfg = Release|ARM64
		{7083F9FA-A2BB-4359-90F7-D513D5396EF6}.Release|ARM64.Build.0 = Release|ARM64
		{7083F9FA-A2BB-4359-90F7-D513D5396EF6}.Release|ARM64.Deploy.0 = Release|ARM64
		{7083F9FA-A2BB-4359-90F7-D513D5396EF6}.Release|x64.ActiveCfg = Release|x64
		{7083F9FA-A2BB-4359-90F7-D513D5396EF6}.Release|x64.Build.0 = Release|x64
		{7083F9FA-A2BB-4359-90F7-D513D5396EF6}.Release|x64.Deploy.0 = Release|x64
		{7083F9FA-A2BB-4359-90F7-D513D5396EF6}.Release|x86.ActiveCfg = Release|x64
		{7083F9FA-A2BB-4359-90F7-D513D5396EF6}.Release|x86.Build.0 = Release|x64
		{7083F9FA-A2BB-4359-90F7-D513D5396EF6}.Release|x86.Deploy.0 = Release|x64
		{0DC9DE35-62B8-43E5-85BF-F3A75D95FC7E}.Debug|ARM64.ActiveCfg = Debug|x64
		{0DC9DE35-62B8-43E5-85BF-F3A75D95FC7E}.Debug|ARM64.Build.0 = Debug|x64
		{0DC9DE35-62B8-43E5-85BF-F3A75D95FC7E}.Debug|x64.ActiveCfg = Debug|x64
		{0DC9DE35-62B8-43E5-85BF-F3A75D95FC7E}.Debug|x64.Build.0 = Debug|x64
		{0DC9DE35-62B8-43E5-85BF-F3A75D95FC7E}.Debug|x86.ActiveCfg = Debug|Win32
		{0DC9DE35-62B8-43E5-85BF-F3A75D95FC7E}.Debug|x86.Build.0 = Debug|Win32
		{0DC9DE35-62B8-43E5-85BF-F3A75D95FC7E}.Release|ARM64.ActiveCfg = Release|x64
		{0DC9DE35-62B8-43E5-85BF-F3A75D95FC7E}.Release|ARM64.Build.0 = Release|x64
		{0DC9DE35-62B8-43E5-85BF-F3A75D95FC7E}.Release|x64.ActiveCfg = Release|x64
		{0DC9DE35-62B8-43E5-85BF-F3A75D95FC7E}.Release|x64.Build.0 = Release|x64
		{0DC9DE35-62B8-43E5-85BF-F3A75D95FC7E}.Release|x86.ActiveCfg = Release|Win32
		{0DC9DE35-62B8-43E5-85BF-F3A75D95FC7E}.Release|x86.Build.0 = Release|Win32
		{5B41649F-47D8-4DBB-9AE2-AB5FD44E5F3D}.Debug|ARM64.ActiveCfg = Debug|ARM64
		{5B41649F-47D8-4DBB-9AE2-AB5FD44E5F3D}.Debug|ARM64.Build.0 = Debug|ARM64
		{5B41649F-47D8-4DBB-9AE2-AB5FD44E5F3D}.Debug|ARM64.Deploy.0 = Debug|ARM64
		{5B41649F-47D8-4DBB-9AE2-AB5FD44E5F3D}.Debug|x64.ActiveCfg = Debug|x64
		{5B41649F-47D8-4DBB-9AE2-AB5FD44E5F3D}.Debug|x64.Build.0 = Debug|x64
		{5B41649F-47D8-4DBB-9AE2-AB5FD44E5F3D}.Debug|x64.Deploy.0 = Debug|x64
		{5B41649F-47D8-4DBB-9AE2-AB5FD44E5F3D}.Debug|x86.ActiveCfg = Debug|x64
		{5B41649F-47D8-4DBB-9AE2-AB5FD44E5F3D}.Debug|x86.Build.0 = Debug|x64
		{5B41649F-47D8-4DBB-9AE2-AB5FD44E5F3D}.Debug|x86.Deploy.0 = Debug|x64
		{5B41649F-47D8-4DBB-9AE2-AB5FD44E5F3D}.Release|ARM64.ActiveCfg = Release|ARM64
		{5B41649F-47D8-4DBB-9AE2-AB5FD44E5F3D}.Release|ARM64.Build.0 = Release|ARM64
		{5B41649F-47D8-4DBB-9AE2-AB5FD44E5F3D}.Release|ARM64.Deploy.0 = Release|ARM64
		{5B41649F-47D8-4DBB-9AE2-AB5FD44E5F3D}.Release|x64.ActiveCfg = Release|x64
		{5B41649F-47D8-4DBB-9AE2-AB5FD44E5F3D}.Release|x64.Build.0 = Release|x64
		{5B41649F-47D8-4DBB-9AE2-AB5FD44E5F3D}.Release|x64.Deploy.0 = Release|x64
		{5B41649F-47D8-4DBB-9AE2-AB5FD44E5F3D}.Release|x86.ActiveCfg = Release|x64
		{5B41649F-47D8-4DBB-9AE2-AB5FD44E5F3D}.Release|x86.Build.0 = Release|x64
		{5B41649F-47D8-4DBB-9AE2-AB5FD44E5F3D}.Release|x86.Deploy.0 = Release|x64
		{F1A9018B-F4B3-4747-B072-5FF8DB42A38A}.Debug|ARM64.ActiveCfg = Debug|ARM64
		{F1A9018B-F4B3-4747-B072-5FF8DB42A38A}.Debug|ARM64.Build.0 = Debug|ARM64
		{F1A9018B-F4B3-4747-B072-5FF8DB42A38A}.Debug|ARM64.Deploy.0 = Debug|ARM64
		{F1A9018B-F4B3-4747-B072-5FF8DB42A38A}.Debug|x64.ActiveCfg = Debug|x64
		{F1A9018B-F4B3-4747-B072-5FF8DB42A38A}.Debug|x64.Build.0 = Debug|x64
		{F1A9018B-F4B3-4747-B072-5FF8DB42A38A}.Debug|x64.Deploy.0 = Debug|x64
		{F1A9018B-F4B3-4747-B072-5FF8DB42A38A}.Debug|x86.ActiveCfg = Debug|x64
		{F1A9018B-F4B3-4747-B072-5FF8DB42A38A}.Debug|x86.Build.0 = Debug|x64
		{F1A9018B-F4B3-4747-B072-5FF8DB42A38A}.Debug|x86.Deploy.0 = Debug|x64
		{F1A9018B-F4B3-4747-B072-5FF8DB42A38A}.Release|ARM64.ActiveCfg = Release|ARM64
		{F1A9018B-F4B3-4747-B072-5FF8DB42A38A}.Release|ARM64.Build.0 = Release|ARM64
		{F1A9018B-F4B3-4747-B072-5FF8DB42A38A}.Release|ARM64.Deploy.0 = Release|ARM64
		{F1A9018B-F4B3-4747-B072-5FF8DB42A38A}.Release|x64.ActiveCfg = Release|x64
		{F1A9018B-F4B3-4747-B072-5FF8DB42A38A}.Release|x64.Build.0 = Release|x64
		{F1A9018B-F4B3-4747-B072-5FF8DB42A38A}.Release|x64.Deploy.0 = Release|x64
		{F1A9018B-F4B3-4747-B072-5FF8DB42A38A}.Release|x86.ActiveCfg = Release|x64
		{F1A9018B-F4B3-4747-B072-5FF8DB42A38A}.Release|x86.Build.0 = Release|x64
		{F1A9018B-F4B3-4747-B072-5FF8DB42A38A}.Release|x86.Deploy.0 = Release|x64
		{40DF098D-4B65-42CC-AEBB-BB48F4AF519F}.Debug|ARM64.ActiveCfg = Debug|x64
		{40DF098D-4B65-42CC-AEBB-BB48F4AF519F}.Debug|ARM64.Build.0 = Debug|x64
		{40DF098D-4B65-42CC-AEBB-BB48F4AF519F}.Debug|x64.ActiveCfg = Debug|x64
		{40DF098D-4B65-42CC-AEBB-BB48F4AF519F}.Debug|x64.Build.0 = Debug|x64
		{40DF098D-4B65-42CC-AEBB-BB48F4AF519F}.Debug|x86.ActiveCfg = Debug|Win32
		{40DF098D-4B65-42CC-AEBB-BB48F4AF519F}.Debug|x86.Build.0 = Debug|Win32
		{40DF098D-4B65-42CC-AEBB-BB48F4AF519F}.Release|ARM64.ActiveCfg = Release|x64
		{40DF098D-4B65-42CC-AEBB-BB48F4AF519F}.Release|ARM64.Build.0 = Release|x64
		{40DF098D-4B65-42CC-AEBB-BB48F4AF519F}.Release|x64.ActiveCfg = Release|x64
		{40DF098D-4B65-42CC-AEBB-BB48F4AF519F}.Release|x64.Build.0 = Release|x64
		{40DF098D-4B65-42CC-AEBB-BB48F4AF519F}.Release|x86.ActiveCfg = Release|Win32
		{40DF098D-4B65-42CC-AEBB-BB48F4AF519F}.Release|x86.Build.0 = Release|Win32
		{4CDBB974-6CF7-440D-8F56-F0777BB293DF}.Debug|ARM64.ActiveCfg = Debug|ARM64
		{4CDBB974-6CF7-440D-8F56-F0777BB293DF}.Debug|ARM64.Build.0 = Debug|ARM64
		{4CDBB974-6CF7-440D-8F56-F0777BB293DF}.Debug|ARM64.Deploy.0 = Debug|ARM64
		{4CDBB974-6CF7-440D-8F56-F0777BB293DF}.Debug|x64.ActiveCfg = Debug|x64
		{4CDBB974-6CF7-440D-8F56-F0777BB293DF}.Debug|x64.Build.0 = Debug|x64
		{4CDBB974-6CF7-440D-8F56-F0777BB293DF}.Debug|x64.Deploy.0 = Debug|x64
		{4CDBB974-6CF7-440D-8F56-F0777BB293DF}.Debug|x86.ActiveCfg = Debug|x64
		{4CDBB974-6CF7-440D-8F56-F0777BB293DF}.Debug|x86.Build.0 = Debug|x64
		{4CDBB974-6CF7-440D-8F56-F0777BB293DF}.Debug|x86.Deploy.0 = Debug|x64
		{4CDBB974-6CF7-440D-8F56-F0777BB293DF}.Release|ARM64.ActiveCfg = Release|ARM64
		{4CDBB974-6CF7-440D-8F56-F0777BB293DF}.Release|ARM64.Build.0 = Release|ARM64
		{4CDBB974-6CF7-440D-8F56-F0777BB293DF}.Release|ARM64.Deploy.0 = Release|ARM64
		{4CDBB974-6CF7-440D-8F56-F0777BB293DF}.Release|x64.ActiveCfg = Release|x64
		{4CDBB974-6CF7-440D-8F56-F0777BB293DF}.Release|x64.Build.0 = Release|x64
		{4CDBB974-6CF7-440D-8F56-F0777BB293DF}.Release|x64.Deploy.0 = Release|x64
		{4CDBB974-6CF7-440D-8F56-F0777BB293DF}.Release|x86.ActiveCfg = Release|x64
		{4CDBB974-6CF7-440D-8F56-F0777BB293DF}.Release|x86.Build.0 = Release|x64
		{4CDBB974-6CF7-440D-8F56-F0777BB293DF}.Release|x86.Deploy.0 = Release|x64
	EndGlobalSection
	GlobalSection(SolutionProperties) = preSolution
		HideSolutionNode = FALSE
	EndGlobalSection
	GlobalSection(ExtensibilityGlobals) = postSolution
		SolutionGuid = {0A6B5587-D6E4-44D4-945D-6E2991DDCFA0}
	EndGlobalSection
EndGlobal
