
Microsoft Visual Studio Solution File, Format Version 12.00
# Visual Studio Version 17
VisualStudioVersion = 17.8.34004.107
MinimumVisualStudioVersion = 10.0.40219.1
Project("{8BC9CEB8-8B4A-11D0-8D11-00A0C91BC942}") = "MyDriver1", "MyDriver1\MyDriver1.vcxproj", "{4823AF69-938D-4BD8-8A77-0DE6670B363C}"
EndProject
Project("{8BC9CEB8-8B4A-11D0-8D11-00A0C91BC942}") = "MyDriver2", "MyDriver2\MyDriver2.vcxproj", "{D67C3BCF-5396-47BC-A441-35EC43F51AE8}"
EndProject
Project("{8BC9CEB8-8B4A-11D0-8D11-00A0C91BC942}") = "MyDriver3", "Mydriver3\MyDriver3.vcxproj", "{056A8978-3F56-449C-84F9-B158949FCAEE}"
EndProject
Global
	GlobalSection(SolutionConfigurationPlatforms) = preSolution
		Debug|ARM64 = Debug|ARM64
		Debug|x64 = Debug|x64
		Release|ARM64 = Release|ARM64
		Release|x64 = Release|x64
	EndGlobalSection
	GlobalSection(ProjectConfigurationPlatforms) = postSolution
		{4823AF69-938D-4BD8-8A77-0DE6670B363C}.Debug|ARM64.ActiveCfg = Debug|ARM64
		{4823AF69-938D-4BD8-8A77-0DE6670B363C}.Debug|ARM64.Build.0 = Debug|ARM64
		{4823AF69-938D-4BD8-8A77-0DE6670B363C}.Debug|ARM64.Deploy.0 = Debug|ARM64
		{4823AF69-938D-4BD8-8A77-0DE6670B363C}.Debug|x64.ActiveCfg = Debug|x64
		{4823AF69-938D-4BD8-8A77-0DE6670B363C}.Debug|x64.Build.0 = Debug|x64
		{4823AF69-938D-4BD8-8A77-0DE6670B363C}.Debug|x64.Deploy.0 = Debug|x64
		{4823AF69-938D-4BD8-8A77-0DE6670B363C}.Release|ARM64.ActiveCfg = Release|ARM64
		{4823AF69-938D-4BD8-8A77-0DE6670B363C}.Release|ARM64.Build.0 = Release|ARM64
		{4823AF69-938D-4BD8-8A77-0DE6670B363C}.Release|ARM64.Deploy.0 = Release|ARM64
		{4823AF69-938D-4BD8-8A77-0DE6670B363C}.Release|x64.ActiveCfg = Release|x64
		{4823AF69-938D-4BD8-8A77-0DE6670B363C}.Release|x64.Build.0 = Release|x64
		{4823AF69-938D-4BD8-8A77-0DE6670B363C}.Release|x64.Deploy.0 = Release|x64
		{D67C3BCF-5396-47BC-A441-35EC43F51AE8}.Debug|ARM64.ActiveCfg = Debug|ARM64
		{D67C3BCF-5396-47BC-A441-35EC43F51AE8}.Debug|ARM64.Build.0 = Debug|ARM64
		{D67C3BCF-5396-47BC-A441-35EC43F51AE8}.Debug|ARM64.Deploy.0 = Debug|ARM64
		{D67C3BCF-5396-47BC-A441-35EC43F51AE8}.Debug|x64.ActiveCfg = Debug|x64
		{D67C3BCF-5396-47BC-A441-35EC43F51AE8}.Debug|x64.Build.0 = Debug|x64
		{D67C3BCF-5396-47BC-A441-35EC43F51AE8}.Debug|x64.Deploy.0 = Debug|x64
		{D67C3BCF-5396-47BC-A441-35EC43F51AE8}.Release|ARM64.ActiveCfg = Release|ARM64
		{D67C3BCF-5396-47BC-A441-35EC43F51AE8}.Release|ARM64.Build.0 = Release|ARM64
		{D67C3BCF-5396-47BC-A441-35EC43F51AE8}.Release|ARM64.Deploy.0 = Release|ARM64
		{D67C3BCF-5396-47BC-A441-35EC43F51AE8}.Release|x64.ActiveCfg = Release|x64
		{D67C3BCF-5396-47BC-A441-35EC43F51AE8}.Release|x64.Build.0 = Release|x64
		{D67C3BCF-5396-47BC-A441-35EC43F51AE8}.Release|x64.Deploy.0 = Release|x64
		{056A8978-3F56-449C-84F9-B158949FCAEE}.Debug|ARM64.ActiveCfg = Debug|ARM64
		{056A8978-3F56-449C-84F9-B158949FCAEE}.Debug|ARM64.Build.0 = Debug|ARM64
		{056A8978-3F56-449C-84F9-B158949FCAEE}.Debug|ARM64.Deploy.0 = Debug|ARM64
		{056A8978-3F56-449C-84F9-B158949FCAEE}.Debug|x64.ActiveCfg = Debug|x64
		{056A8978-3F56-449C-84F9-B158949FCAEE}.Debug|x64.Build.0 = Debug|x64
		{056A8978-3F56-449C-84F9-B158949FCAEE}.Debug|x64.Deploy.0 = Debug|x64
		{056A8978-3F56-449C-84F9-B158949FCAEE}.Release|ARM64.ActiveCfg = Release|ARM64
		{056A8978-3F56-449C-84F9-B158949FCAEE}.Release|ARM64.Build.0 = Release|ARM64
		{056A8978-3F56-449C-84F9-B158949FCAEE}.Release|ARM64.Deploy.0 = Release|ARM64
		{056A8978-3F56-449C-84F9-B158949FCAEE}.Release|x64.ActiveCfg = Release|x64
		{056A8978-3F56-449C-84F9-B158949FCAEE}.Release|x64.Build.0 = Release|x64
		{056A8978-3F56-449C-84F9-B158949FCAEE}.Release|x64.Deploy.0 = Release|x64
	EndGlobalSection
	GlobalSection(SolutionProperties) = preSolution
		HideSolutionNode = FALSE
	EndGlobalSection
	GlobalSection(ExtensibilityGlobals) = postSolution
		SolutionGuid = {0A6B5587-D6E4-44D4-945D-6E2991DDCFA0}
	EndGlobalSection
EndGlobal
